// !$*UTF8*$!
{
	archiveVersion = 1;
	classes = {
	};
	objectVersion = 56;
	objects = {

/* Begin PBXBuildFile section */
		D7EDCD2A2A043FFD00D1FC07 /* AppDelegate.swift in Sources */ = {isa = PBXBuildFile; fileRef = D7EDCD292A043FFD00D1FC07 /* AppDelegate.swift */; };
		D7EDCD2C2A043FFD00D1FC07 /* SceneDelegate.swift in Sources */ = {isa = PBXBuildFile; fileRef = D7EDCD2B2A043FFD00D1FC07 /* SceneDelegate.swift */; };
		D7EDCD2E2A043FFD00D1FC07 /* ViewController.swift in Sources */ = {isa = PBXBuildFile; fileRef = D7EDCD2D2A043FFD00D1FC07 /* ViewController.swift */; };
		D7EDCD312A043FFD00D1FC07 /* Main.storyboard in Resources */ = {isa = PBXBuildFile; fileRef = D7EDCD2F2A043FFD00D1FC07 /* Main.storyboard */; };
		D7EDCD342A043FFD00D1FC07 /* HorseRideCardGame.xcdatamodeld in Sources */ = {isa = PBXBuildFile; fileRef = D7EDCD322A043FFD00D1FC07 /* HorseRideCardGame.xcdatamodeld */; };
		D7EDCD362A043FFE00D1FC07 /* Assets.xcassets in Resources */ = {isa = PBXBuildFile; fileRef = D7EDCD352A043FFE00D1FC07 /* Assets.xcassets */; };
		D7EDCD392A043FFE00D1FC07 /* LaunchScreen.storyboard in Resources */ = {isa = PBXBuildFile; fileRef = D7EDCD372A043FFE00D1FC07 /* LaunchScreen.storyboard */; };
/* End PBXBuildFile section */

/* Begin PBXFileReference section */
		D7EDCD262A043FFD00D1FC07 /* HorseRideCardGame.app */ = {isa = PBXFileReference; explicitFileType = wrapper.application; includeInIndex = 0; path = HorseRideCardGame.app; sourceTree = BUILT_PRODUCTS_DIR; };
		D7EDCD292A043FFD00D1FC07 /* AppDelegate.swift */ = {isa = PBXFileReference; lastKnownFileType = sourcecode.swift; path = AppDelegate.swift; sourceTree = "<group>"; };
		D7EDCD2B2A043FFD00D1FC07 /* SceneDelegate.swift */ = {isa = PBXFileReference; lastKnownFileType = sourcecode.swift; path = SceneDelegate.swift; sourceTree = "<group>"; };
		D7EDCD2D2A043FFD00D1FC07 /* ViewController.swift */ = {isa = PBXFileReference; lastKnownFileType = sourcecode.swift; path = ViewController.swift; sourceTree = "<group>"; };
		D7EDCD302A043FFD00D1FC07 /* Base */ = {isa = PBXFileReference; lastKnownFileType = file.storyboard; name = Base; path = Base.lproj/Main.storyboard; sourceTree = "<group>"; };
		D7EDCD332A043FFD00D1FC07 /* HorseRideCardGame.xcdatamodel */ = {isa = PBXFileReference; lastKnownFileType = wrapper.xcdatamodel; path = HorseRideCardGame.xcdatamodel; sourceTree = "<group>"; };
		D7EDCD352A043FFE00D1FC07 /* Assets.xcassets */ = {isa = PBXFileReference; lastKnownFileType = folder.assetcatalog; path = Assets.xcassets; sourceTree = "<group>"; };
		D7EDCD382A043FFE00D1FC07 /* Base */ = {isa = PBXFileReference; lastKnownFileType = file.storyboard; name = Base; path = Base.lproj/LaunchScreen.storyboard; sourceTree = "<group>"; };
		D7EDCD3A2A043FFE00D1FC07 /* Info.plist */ = {isa = PBXFileReference; lastKnownFileType = text.plist.xml; path = Info.plist; sourceTree = "<group>"; };
/* End PBXFileReference section */

/* Begin PBXFrameworksBuildPhase section */
		D7EDCD232A043FFD00D1FC07 /* Frameworks */ = {
			isa = PBXFrameworksBuildPhase;
			buildActionMask = 2147483647;
			files = (
			);
			runOnlyForDeploymentPostprocessing = 0;
		};
/* End PBXFrameworksBuildPhase section */

/* Begin PBXGroup section */
		D7EDCD1D2A043FFD00D1FC07 = {
			isa = PBXGroup;
			children = (
				D7EDCD282A043FFD00D1FC07 /* HorseRideCardGame */,
				D7EDCD272A043FFD00D1FC07 /* Products */,
			);
			sourceTree = "<group>";
		};
		D7EDCD272A043FFD00D1FC07 /* Products */ = {
			isa = PBXGroup;
			children = (
				D7EDCD262A043FFD00D1FC07 /* HorseRideCardGame.app */,
			);
			name = Products;
			sourceTree = "<group>";
		};
		D7EDCD282A043FFD00D1FC07 /* HorseRideCardGame */ = {
			isa = PBXGroup;
			children = (
				D7EDCD292A043FFD00D1FC07 /* AppDelegate.swift */,
				D7EDCD2B2A043FFD00D1FC07 /* SceneDelegate.swift */,
				D7EDCD2D2A043FFD00D1FC07 /* ViewController.swift */,
				D7EDCD2F2A043FFD00D1FC07 /* Main.storyboard */,
				D7EDCD352A043FFE00D1FC07 /* Assets.xcassets */,
				D7EDCD372A043FFE00D1FC07 /* LaunchScreen.storyboard */,
				D7EDCD3A2A043FFE00D1FC07 /* Info.plist */,
				D7EDCD322A043FFD00D1FC07 /* HorseRideCardGame.xcdatamodeld */,
			);
			path = HorseRideCardGame;
			sourceTree = "<group>";
		};
/* End PBXGroup section */

/* Begin PBXNativeTarget section */
		D7EDCD252A043FFD00D1FC07 /* HorseRideCardGame */ = {
			isa = PBXNativeTarget;
			buildConfigurationList = D7EDCD3D2A043FFE00D1FC07 /* Build configuration list for PBXNativeTarget "HorseRideCardGame" */;
			buildPhases = (
				D7EDCD222A043FFD00D1FC07 /* Sources */,
				D7EDCD232A043FFD00D1FC07 /* Frameworks */,
				D7EDCD242A043FFD00D1FC07 /* Resources */,
			);
			buildRules = (
			);
			dependencies = (
			);
			name = HorseRideCardGame;
			productName = HorseRideCardGame;
			productReference = D7EDCD262A043FFD00D1FC07 /* HorseRideCardGame.app */;
			productType = "com.apple.product-type.application";
		};
/* End PBXNativeTarget section */

/* Begin PBXProject section */
		D7EDCD1E2A043FFD00D1FC07 /* Project object */ = {
			isa = PBXProject;
			attributes = {
				BuildIndependentTargetsInParallel = 1;
				LastSwiftUpdateCheck = 1420;
				LastUpgradeCheck = 1420;
				TargetAttributes = {
					D7EDCD252A043FFD00D1FC07 = {
						CreatedOnToolsVersion = 14.2;
					};
				};
			};
			buildConfigurationList = D7EDCD212A043FFD00D1FC07 /* Build configuration list for PBXProject "HorseRideCardGame" */;
			compatibilityVersion = "Xcode 14.0";
			developmentRegion = en;
			hasScannedForEncodings = 0;
			knownRegions = (
				en,
				Base,
			);
			mainGroup = D7EDCD1D2A043FFD00D1FC07;
			productRefGroup = D7EDCD272A043FFD00D1FC07 /* Products */;
			projectDirPath = "";
			projectRoot = "";
			targets = (
				D7EDCD252A043FFD00D1FC07 /* HorseRideCardGame */,
			);
		};
/* End PBXProject section */

/* Begin PBXResourcesBuildPhase section */
		D7EDCD242A043FFD00D1FC07 /* Resources */ = {
			isa = PBXResourcesBuildPhase;
			buildActionMask = 2147483647;
			files = (
				D7EDCD392A043FFE00D1FC07 /* LaunchScreen.storyboard in Resources */,
				D7EDCD362A043FFE00D1FC07 /* Assets.xcassets in Resources */,
				D7EDCD312A043FFD00D1FC07 /* Main.storyboard in Resources */,
			);
			runOnlyForDeploymentPostprocessing = 0;
		};
/* End PBXResourcesBuildPhase section */

/* Begin PBXSourcesBuildPhase section */
		D7EDCD222A043FFD00D1FC07 /* Sources */ = {
			isa = PBXSourcesBuildPhase;
			buildActionMask = 2147483647;
			files = (
				D7EDCD2E2A043FFD00D1FC07 /* ViewController.swift in Sources */,
				D7EDCD2A2A043FFD00D1FC07 /* AppDelegate.swift in Sources */,
				D7EDCD2C2A043FFD00D1FC07 /* SceneDelegate.swift in Sources */,
				D7EDCD342A043FFD00D1FC07 /* HorseRideCardGame.xcdatamodeld in Sources */,
			);
			runOnlyForDeploymentPostprocessing = 0;
		};
/* End PBXSourcesBuildPhase section */

/* Begin PBXVariantGroup section */
		D7EDCD2F2A043FFD00D1FC07 /* Main.storyboard */ = {
			isa = PBXVariantGroup;
			children = (
				D7EDCD302A043FFD00D1FC07 /* Base */,
			);
			name = Main.storyboard;
			sourceTree = "<group>";
		};
		D7EDCD372A043FFE00D1FC07 /* LaunchScreen.storyboard */ = {
			isa = PBXVariantGroup;
			children = (
				D7EDCD382A043FFE00D1FC07 /* Base */,
			);
			name = LaunchScreen.storyboard;
			sourceTree = "<group>";
		};
/* End PBXVariantGroup section */

/* Begin XCBuildConfiguration section */
		D7EDCD3B2A043FFE00D1FC07 /* Debug */ = {
			isa = XCBuildConfiguration;
			buildSettings = {
				ALWAYS_SEARCH_USER_PATHS = NO;
				CLANG_ANALYZER_NONNULL = YES;
				CLANG_ANALYZER_NUMBER_OBJECT_CONVERSION = YES_AGGRESSIVE;
				CLANG_CXX_LANGUAGE_STANDARD = "gnu++20";
				CLANG_ENABLE_MODULES = YES;
				CLANG_ENABLE_OBJC_ARC = YES;
				CLANG_ENABLE_OBJC_WEAK = YES;
				CLANG_WARN_BLOCK_CAPTURE_AUTORELEASING = YES;
				CLANG_WARN_BOOL_CONVERSION = YES;
				CLANG_WARN_COMMA = YES;
				CLANG_WARN_CONSTANT_CONVERSION = YES;
				CLANG_WARN_DEPRECATED_OBJC_IMPLEMENTATIONS = YES;
				CLANG_WARN_DIRECT_OBJC_ISA_USAGE = YES_ERROR;
				CLANG_WARN_DOCUMENTATION_COMMENTS = YES;
				CLANG_WARN_EMPTY_BODY = YES;
				CLANG_WARN_ENUM_CONVERSION = YES;
				CLANG_WARN_INFINITE_RECURSION = YES;
				CLANG_WARN_INT_CONVERSION = YES;
				CLANG_WARN_NON_LITERAL_NULL_CONVERSION = YES;
				CLANG_WARN_OBJC_IMPLICIT_RETAIN_SELF = YES;
				CLANG_WARN_OBJC_LITERAL_CONVERSION = YES;
				CLANG_WARN_OBJC_ROOT_CLASS = YES_ERROR;
				CLANG_WARN_QUOTED_INCLUDE_IN_FRAMEWORK_HEADER = YES;
				CLANG_WARN_RANGE_LOOP_ANALYSIS = YES;
				CLANG_WARN_STRICT_PROTOTYPES = YES;
				CLANG_WARN_SUSPICIOUS_MOVE = YES;
				CLANG_WARN_UNGUARDED_AVAILABILITY = YES_AGGRESSIVE;
				CLANG_WARN_UNREACHABLE_CODE = YES;
				CLANG_WARN__DUPLICATE_METHOD_MATCH = YES;
				COPY_PHASE_STRIP = NO;
				DEBUG_INFORMATION_FORMAT = dwarf;
				ENABLE_STRICT_OBJC_MSGSEND = YES;
				ENABLE_TESTABILITY = YES;
				GCC_C_LANGUAGE_STANDARD = gnu11;
				GCC_DYNAMIC_NO_PIC = NO;
				GCC_NO_COMMON_BLOCKS = YES;
				GCC_OPTIMIZATION_LEVEL = 0;
				GCC_PREPROCESSOR_DEFINITIONS = (
					"DEBUG=1",
					"$(inherited)",
				);
				GCC_WARN_64_TO_32_BIT_CONVERSION = YES;
				GCC_WARN_ABOUT_RETURN_TYPE = YES_ERROR;
				GCC_WARN_UNDECLARED_SELECTOR = YES;
				GCC_WARN_UNINITIALIZED_AUTOS = YES_AGGRESSIVE;
				GCC_WARN_UNUSED_FUNCTION = YES;
				GCC_WARN_UNUSED_VARIABLE = YES;
				IPHONEOS_DEPLOYMENT_TARGET = 16.2;
				MTL_ENABLE_DEBUG_INFO = INCLUDE_SOURCE;
				MTL_FAST_MATH = YES;
				ONLY_ACTIVE_ARCH = YES;
				SDKROOT = iphoneos;
				SWIFT_ACTIVE_COMPILATION_CONDITIONS = DEBUG;
				SWIFT_OPTIMIZATION_LEVEL = "-Onone";
			};
			name = Debug;
		};
		D7EDCD3C2A043FFE00D1FC07 /* Release */ = {
			isa = XCBuildConfiguration;
			buildSettings = {
				ALWAYS_SEARCH_USER_PATHS = NO;
				CLANG_ANALYZER_NONNULL = YES;
				CLANG_ANALYZER_NUMBER_OBJECT_CONVERSION = YES_AGGRESSIVE;
				CLANG_CXX_LANGUAGE_STANDARD = "gnu++20";
				CLANG_ENABLE_MODULES = YES;
				CLANG_ENABLE_OBJC_ARC = YES;
				CLANG_ENABLE_OBJC_WEAK = YES;
				CLANG_WARN_BLOCK_CAPTURE_AUTORELEASING = YES;
				CLANG_WARN_BOOL_CONVERSION = YES;
				CLANG_WARN_COMMA = YES;
				CLANG_WARN_CONSTANT_CONVERSION = YES;
				CLANG_WARN_DEPRECATED_OBJC_IMPLEMENTATIONS = YES;
				CLANG_WARN_DIRECT_OBJC_ISA_USAGE = YES_ERROR;
				CLANG_WARN_DOCUMENTATION_COMMENTS = YES;
				CLANG_WARN_EMPTY_BODY = YES;
				CLANG_WARN_ENUM_CONVERSION = YES;
				CLANG_WARN_INFINITE_RECURSION = YES;
				CLANG_WARN_INT_CONVERSION = YES;
				CLANG_WARN_NON_LITERAL_NULL_CONVERSION = YES;
				CLANG_WARN_OBJC_IMPLICIT_RETAIN_SELF = YES;
				CLANG_WARN_OBJC_LITERAL_CONVERSION = YES;
				CLANG_WARN_OBJC_ROOT_CLASS = YES_ERROR;
				CLANG_WARN_QUOTED_INCLUDE_IN_FRAMEWORK_HEADER = YES;
				CLANG_WARN_RANGE_LOOP_ANALYSIS = YES;
				CLANG_WARN_STRICT_PROTOTYPES = YES;
				CLANG_WARN_SUSPICIOUS_MOVE = YES;
				CLANG_WARN_UNGUARDED_AVAILABILITY = YES_AGGRESSIVE;
				CLANG_WARN_UNREACHABLE_CODE = YES;
				CLANG_WARN__DUPLICATE_METHOD_MATCH = YES;
				COPY_PHASE_STRIP = NO;
				DEBUG_INFORMATION_FORMAT = "dwarf-with-dsym";
				ENABLE_NS_ASSERTIONS = NO;
				ENABLE_STRICT_OBJC_MSGSEND = YES;
				GCC_C_LANGUAGE_STANDARD = gnu11;
				GCC_NO_COMMON_BLOCKS = YES;
				GCC_WARN_64_TO_32_BIT_CONVERSION = YES;
				GCC_WARN_ABOUT_RETURN_TYPE = YES_ERROR;
				GCC_WARN_UNDECLARED_SELECTOR = YES;
				GCC_WARN_UNINITIALIZED_AUTOS = YES_AGGRESSIVE;
				GCC_WARN_UNUSED_FUNCTION = YES;
				GCC_WARN_UNUSED_VARIABLE = YES;
				IPHONEOS_DEPLOYMENT_TARGET = 16.2;
				MTL_ENABLE_DEBUG_INFO = NO;
				MTL_FAST_MATH = YES;
				SDKROOT = iphoneos;
				SWIFT_COMPILATION_MODE = wholemodule;
				SWIFT_OPTIMIZATION_LEVEL = "-O";
				VALIDATE_PRODUCT = YES;
			};
			name = Release;
		};
		D7EDCD3E2A043FFE00D1FC07 /* Debug */ = {
			isa = XCBuildConfiguration;
			buildSettings = {
				ASSETCATALOG_COMPILER_APPICON_NAME = AppIcon;
				ASSETCATALOG_COMPILER_GLOBAL_ACCENT_COLOR_NAME = AccentColor;
				CODE_SIGN_STYLE = Automatic;
				CURRENT_PROJECT_VERSION = 1;
				DEVELOPMENT_TEAM = 49CUMHZT5K;
				GENERATE_INFOPLIST_FILE = YES;
				INFOPLIST_FILE = HorseRideCardGame/Info.plist;
				INFOPLIST_KEY_UIApplicationSupportsIndirectInputEvents = YES;
				INFOPLIST_KEY_UILaunchStoryboardName = LaunchScreen;
				INFOPLIST_KEY_UIMainStoryboardFile = Main;
				INFOPLIST_KEY_UISupportedInterfaceOrientations_iPad = "UIInterfaceOrientationPortrait UIInterfaceOrientationPortraitUpsideDown UIInterfaceOrientationLandscapeLeft UIInterfaceOrientationLandscapeRight";
				INFOPLIST_KEY_UISupportedInterfaceOrientations_iPhone = "UIInterfaceOrientationPortrait UIInterfaceOrientationLandscapeLeft UIInterfaceOrientationLandscapeRight";
				LD_RUNPATH_SEARCH_PATHS = (
					"$(inherited)",
					"@executable_path/Frameworks",
				);
				MARKETING_VERSION = 1.0;
				PRODUCT_BUNDLE_IDENTIFIER = com.melihsiskular.HorseRideCardGame;
				PRODUCT_NAME = "$(TARGET_NAME)";
				SWIFT_EMIT_LOC_STRINGS = YES;
				SWIFT_VERSION = 5.0;
				TARGETED_DEVICE_FAMILY = "1,2";
			};
			name = Debug;
		};
		D7EDCD3F2A043FFE00D1FC07 /* Release */ = {
			isa = XCBuildConfiguration;
			buildSettings = {
				ASSETCATALOG_COMPILER_APPICON_NAME = AppIcon;
				ASSETCATALOG_COMPILER_GLOBAL_ACCENT_COLOR_NAME = AccentColor;
				CODE_SIGN_STYLE = Automatic;
				CURRENT_PROJECT_VERSION = 1;
				DEVELOPMENT_TEAM = 49CUMHZT5K;
				GENERATE_INFOPLIST_FILE = YES;
				INFOPLIST_FILE = HorseRideCardGame/Info.plist;
				INFOPLIST_KEY_UIApplicationSupportsIndirectInputEvents = YES;
				INFOPLIST_KEY_UILaunchStoryboardName = LaunchScreen;
				INFOPLIST_KEY_UIMainStoryboardFile = Main;
				INFOPLIST_KEY_UISupportedInterfaceOrientations_iPad = "UIInterfaceOrientationPortrait UIInterfaceOrientationPortraitUpsideDown UIInterfaceOrientationLandscapeLeft UIInterfaceOrientationLandscapeRight";
				INFOPLIST_KEY_UISupportedInterfaceOrientations_iPhone = "UIInterfaceOrientationPortrait UIInterfaceOrientationLandscapeLeft UIInterfaceOrientationLandscapeRight";
				LD_RUNPATH_SEARCH_PATHS = (
					"$(inherited)",
					"@executable_path/Frameworks",
				);
				MARKETING_VERSION = 1.0;
				PRODUCT_BUNDLE_IDENTIFIER = com.melihsiskular.HorseRideCardGame;
				PRODUCT_NAME = "$(TARGET_NAME)";
				SWIFT_EMIT_LOC_STRINGS = YES;
				SWIFT_VERSION = 5.0;
				TARGETED_DEVICE_FAMILY = "1,2";
			};
			name = Release;
		};
/* End XCBuildConfiguration section */

/* Begin XCConfigurationList section */
		D7EDCD212A043FFD00D1FC07 /* Build configuration list for PBXProject "HorseRideCardGame" */ = {
			isa = XCConfigurationList;
			buildConfigurations = (
				D7EDCD3B2A043FFE00D1FC07 /* Debug */,
				D7EDCD3C2A043FFE00D1FC07 /* Release */,
			);
			defaultConfigurationIsVisible = 0;
			defaultConfigurationName = Release;
		};
		D7EDCD3D2A043FFE00D1FC07 /* Build configuration list for PBXNativeTarget "HorseRideCardGame" */ = {
			isa = XCConfigurationList;
			buildConfigurations = (
				D7EDCD3E2A043FFE00D1FC07 /* Debug */,
				D7EDCD3F2A043FFE00D1FC07 /* Release */,
			);
			defaultConfigurationIsVisible = 0;
			defaultConfigurationName = Release;
		};
/* End XCConfigurationList section */

/* Begin XCVersionGroup section */
		D7EDCD322A043FFD00D1FC07 /* HorseRideCardGame.xcdatamodeld */ = {
			isa = XCVersionGroup;
			children = (
				D7EDCD332A043FFD00D1FC07 /* HorseRideCardGame.xcdatamodel */,
			);
			currentVersion = D7EDCD332A043FFD00D1FC07 /* HorseRideCardGame.xcdatamodel */;
			path = HorseRideCardGame.xcdatamodeld;
			sourceTree = "<group>";
			versionGroupType = wrapper.xcdatamodel;
		};
/* End XCVersionGroup section */
	};
	rootObject = D7EDCD1E2A043FFD00D1FC07 /* Project object */;
}
